
Microsoft Visual Studio Solution File, Format Version 12.00
# Visual Studio Version 16
VisualStudioVersion = 16.0.31515.178
MinimumVisualStudioVersion = 10.0.40219.1
Project("{FAE04EC0-301F-11D3-BF4B-00C04F79EFBC}") = "DotNet5Swagger", "DotNet5Swagger\DotNet5Swagger.csproj", "{7355CC8E-548E-4F7E-BFEC-04E5F38106A6}"
EndProject
Global
	GlobalSection(SolutionConfigurationPlatforms) = preSolution
		Debug|Any CPU = Debug|Any CPU
		Release|Any CPU = Release|Any CPU
	EndGlobalSection
	GlobalSection(ProjectConfigurationPlatforms) = postSolution
		{7355CC8E-548E-4F7E-BFEC-04E5F38106A6}.Debug|Any CPU.ActiveCfg = Debug|Any CPU
		{7355CC8E-548E-4F7E-BFEC-04E5F38106A6}.Debug|Any CPU.Build.0 = Debug|Any CPU
		{7355CC8E-548E-4F7E-BFEC-04E5F38106A6}.Release|Any CPU.ActiveCfg = Release|Any CPU
		{7355CC8E-548E-4F7E-BFEC-04E5F38106A6}.Release|Any CPU.Build.0 = Release|Any CPU
	EndGlobalSection
	GlobalSection(SolutionProperties) = preSolution
		HideSolutionNode = FALSE
	EndGlobalSection
	GlobalSection(ExtensibilityGlobals) = postSolution
		SolutionGuid = {F9F60B8E-82D9-4697-BA48-20C81AC3EFB5}
	EndGlobalSection
EndGlobal
